
Microsoft Visual Studio Solution File, Format Version 12.00
# Visual Studio 15
VisualStudioVersion = 15.0.28307.438
MinimumVisualStudioVersion = 10.0.40219.1
Project("{F184B08F-C81C-45F6-A57F-5ABD9991F28F}") = "Fruteria", "Fruteria\Fruteria.vbproj", "{09D79C16-59DC-4712-B6BB-19F3E2A0ACD7}"
EndProject
Global
	GlobalSection(SolutionConfigurationPlatforms) = preSolution
		Debug|Any CPU = Debug|Any CPU
		Release|Any CPU = Release|Any CPU
	EndGlobalSection
	GlobalSection(ProjectConfigurationPlatforms) = postSolution
		{09D79C16-59DC-4712-B6BB-19F3E2A0ACD7}.Debug|Any CPU.ActiveCfg = Debug|Any CPU
		{09D79C16-59DC-4712-B6BB-19F3E2A0ACD7}.Debug|Any CPU.Build.0 = Debug|Any CPU
		{09D79C16-59DC-4712-B6BB-19F3E2A0ACD7}.Release|Any CPU.ActiveCfg = Release|Any CPU
		{09D79C16-59DC-4712-B6BB-19F3E2A0ACD7}.Release|Any CPU.Build.0 = Release|Any CPU
	EndGlobalSection
	GlobalSection(SolutionProperties) = preSolution
		HideSolutionNode = FALSE
	EndGlobalSection
	GlobalSection(ExtensibilityGlobals) = postSolution
		SolutionGuid = {040DF2FE-4533-4912-AFA0-679C114E692D}
	EndGlobalSection
EndGlobal
