
Microsoft Visual Studio Solution File, Format Version 12.00
# Visual Studio 15
VisualStudioVersion = 15.0.28307.438
MinimumVisualStudioVersion = 10.0.40219.1
Project("{F184B08F-C81C-45F6-A57F-5ABD9991F28F}") = "tiradas", "tiradas\tiradas.vbproj", "{07AEB51E-FF46-440F-BD7B-5C9C27C185F5}"
EndProject
Global
	GlobalSection(SolutionConfigurationPlatforms) = preSolution
		Debug|Any CPU = Debug|Any CPU
		Release|Any CPU = Release|Any CPU
	EndGlobalSection
	GlobalSection(ProjectConfigurationPlatforms) = postSolution
		{07AEB51E-FF46-440F-BD7B-5C9C27C185F5}.Debug|Any CPU.ActiveCfg = Debug|Any CPU
		{07AEB51E-FF46-440F-BD7B-5C9C27C185F5}.Debug|Any CPU.Build.0 = Debug|Any CPU
		{07AEB51E-FF46-440F-BD7B-5C9C27C185F5}.Release|Any CPU.ActiveCfg = Release|Any CPU
		{07AEB51E-FF46-440F-BD7B-5C9C27C185F5}.Release|Any CPU.Build.0 = Release|Any CPU
	EndGlobalSection
	GlobalSection(SolutionProperties) = preSolution
		HideSolutionNode = FALSE
	EndGlobalSection
	GlobalSection(ExtensibilityGlobals) = postSolution
		SolutionGuid = {EBA4E154-03E9-41B8-B639-CEF43C133157}
	EndGlobalSection
EndGlobal
