
Microsoft Visual Studio Solution File, Format Version 12.00
# Visual Studio 15
VisualStudioVersion = 15.0.28307.438
MinimumVisualStudioVersion = 10.0.40219.1
Project("{F184B08F-C81C-45F6-A57F-5ABD9991F28F}") = "calculoMental", "calculoMental\calculoMental.vbproj", "{51A88DC9-93F5-4314-9581-07C84C1A68C3}"
EndProject
Global
	GlobalSection(SolutionConfigurationPlatforms) = preSolution
		Debug|Any CPU = Debug|Any CPU
		Release|Any CPU = Release|Any CPU
	EndGlobalSection
	GlobalSection(ProjectConfigurationPlatforms) = postSolution
		{51A88DC9-93F5-4314-9581-07C84C1A68C3}.Debug|Any CPU.ActiveCfg = Debug|Any CPU
		{51A88DC9-93F5-4314-9581-07C84C1A68C3}.Debug|Any CPU.Build.0 = Debug|Any CPU
		{51A88DC9-93F5-4314-9581-07C84C1A68C3}.Release|Any CPU.ActiveCfg = Release|Any CPU
		{51A88DC9-93F5-4314-9581-07C84C1A68C3}.Release|Any CPU.Build.0 = Release|Any CPU
	EndGlobalSection
	GlobalSection(SolutionProperties) = preSolution
		HideSolutionNode = FALSE
	EndGlobalSection
	GlobalSection(ExtensibilityGlobals) = postSolution
		SolutionGuid = {F1B057CC-6C08-47DC-91A1-1A167A3510A9}
	EndGlobalSection
EndGlobal
